
Microsoft Visual Studio Solution File, Format Version 12.00
# Visual Studio Version 17
VisualStudioVersion = 17.2.32602.215
MinimumVisualStudioVersion = 10.0.40219.1
Project("{FAE04EC0-301F-11D3-BF4B-00C04F79EFBC}") = "Moviepedia", "Moviepedia\Moviepedia.csproj", "{7CFEAD2C-604C-4CC9-9A0C-1BBBC6410F27}"
EndProject
Global
	GlobalSection(SolutionConfigurationPlatforms) = preSolution
		Debug|Any CPU = Debug|Any CPU
		Release|Any CPU = Release|Any CPU
	EndGlobalSection
	GlobalSection(ProjectConfigurationPlatforms) = postSolution
		{7CFEAD2C-604C-4CC9-9A0C-1BBBC6410F27}.Debug|Any CPU.ActiveCfg = Debug|Any CPU
		{7CFEAD2C-604C-4CC9-9A0C-1BBBC6410F27}.Debug|Any CPU.Build.0 = Debug|Any CPU
		{7CFEAD2C-604C-4CC9-9A0C-1BBBC6410F27}.Release|Any CPU.ActiveCfg = Release|Any CPU
		{7CFEAD2C-604C-4CC9-9A0C-1BBBC6410F27}.Release|Any CPU.Build.0 = Release|Any CPU
	EndGlobalSection
	GlobalSection(SolutionProperties) = preSolution
		HideSolutionNode = FALSE
	EndGlobalSection
	GlobalSection(ExtensibilityGlobals) = postSolution
		SolutionGuid = {302B5366-FFA2-440E-B26D-A671EBAAD71A}
	EndGlobalSection
EndGlobal
